
Microsoft Visual Studio Solution File, Format Version 12.00
# Visual Studio 2013
VisualStudioVersion = 12.0.31101.0
MinimumVisualStudioVersion = 10.0.40219.1
Project("{2150E333-8FDC-42A3-9474-1A3956D46DE8}") = ".nuget", ".nuget", "{11857CAB-6668-43F6-B3BA-DBFF74169EC1}"
	ProjectSection(SolutionItems) = preProject
		.nuget\NuGet.Config = .nuget\NuGet.Config
		.nuget\NuGet.exe = .nuget\NuGet.exe
		.nuget\NuGet.targets = .nuget\NuGet.targets
	EndProjectSection
EndProject
Project("{2150E333-8FDC-42A3-9474-1A3956D46DE8}") = "Shared", "Shared", "{4E1643DF-E272-47B1-B8F7-BA25CDBD9830}"
	ProjectSection(SolutionItems) = preProject
		Shared\AssemblyInfo.cs = Shared\AssemblyInfo.cs
	EndProjectSection
EndProject
Project("{2150E333-8FDC-42A3-9474-1A3956D46DE8}") = "Installer Dependencies", "Installer Dependencies", "{FD5DE181-943E-48A0-B288-3E522A5B2704}"
	ProjectSection(SolutionItems) = preProject
		Installer Dependencies\7zSD.sfx = Installer Dependencies\7zSD.sfx
		Installer Dependencies\config.txt = Installer Dependencies\config.txt
		Installer Dependencies\Instructions to Create Installer.txt = Installer Dependencies\Instructions to Create Installer.txt
	EndProjectSection
EndProject
Project("{FAE04EC0-301F-11D3-BF4B-00C04F79EFBC}") = "CalendarSyncPlus.Services", "CalendarSyncPlus.Services\CalendarSyncPlus.Services.csproj", "{5FF53B1A-81F5-4FF6-8444-4561DD7F6AF4}"
EndProject
Project("{FAE04EC0-301F-11D3-BF4B-00C04F79EFBC}") = "CalendarSyncPlus.OutlookServices", "CalendarSyncPlus.OutlookServices\CalendarSyncPlus.OutlookServices.csproj", "{0348DC28-4B15-4E21-BB4E-9A8BD11F4EC3}"
EndProject
Project("{FAE04EC0-301F-11D3-BF4B-00C04F79EFBC}") = "CalendarSyncPlus.GoogleServices", "CalendarSyncPlus.GoogleServices\CalendarSyncPlus.GoogleServices.csproj", "{E95AFCF5-28F3-4CED-8901-4BCD0DB5FA56}"
EndProject
Project("{FAE04EC0-301F-11D3-BF4B-00C04F79EFBC}") = "CalendarSyncPlus.ExchangeWebServices", "CalendarSyncPlus.ExchangeWebServices\CalendarSyncPlus.ExchangeWebServices.csproj", "{60C60A47-1227-4659-8B9E-BFC6B7FCAD0D}"
EndProject
Project("{FAE04EC0-301F-11D3-BF4B-00C04F79EFBC}") = "CalendarSyncPlus.Common", "CalendarSyncPlus.Common\CalendarSyncPlus.Common.csproj", "{58F42963-FC3F-4BF8-88A8-DA70F5AE7E58}"
EndProject
Project("{FAE04EC0-301F-11D3-BF4B-00C04F79EFBC}") = "CalendarSyncPlus.Domain", "CalendarSyncPlus.Domain\CalendarSyncPlus.Domain.csproj", "{5AF06073-C8B2-4E8D-85E9-C22C44E36A8F}"
EndProject
Project("{FAE04EC0-301F-11D3-BF4B-00C04F79EFBC}") = "CalendarSyncPlus.Application", "CalendarSyncPlus.Application\CalendarSyncPlus.Application.csproj", "{9AEF8039-A3E2-452D-A73A-4AF458FDA0F7}"
EndProject
Project("{FAE04EC0-301F-11D3-BF4B-00C04F79EFBC}") = "CalendarSyncPlus.Presentation", "CalendarSyncPlus.Presentation\CalendarSyncPlus.Presentation.csproj", "{FD588EBB-EAC6-4B5F-9644-FA9FA22268F7}"
EndProject
Project("{930C7802-8A8C-48F9-8165-68863BCCD9DD}") = "CalendarSyncPlus.Installer", "CalendarSyncPlus.Installer\CalendarSyncPlus.Installer.wixproj", "{5DD77441-69EC-48E9-995C-9EED1217A67B}"
EndProject
Project("{FAE04EC0-301F-11D3-BF4B-00C04F79EFBC}") = "CalendarSyncPlus.SyncEngine", "CalendarSyncPlus.SyncEngine\CalendarSyncPlus.SyncEngine.csproj", "{88D95940-3181-4026-9ECF-560D54201D86}"
EndProject
Project("{930C7802-8A8C-48F9-8165-68863BCCD9DD}") = "CalendarSyncPlus.InstallerBundle", "CalendarSyncPlus.InstallerBundle\CalendarSyncPlus.InstallerBundle.wixproj", "{7A2ECE5C-2863-487C-AB7F-43A59BB3C774}"
EndProject
Project("{FAE04EC0-301F-11D3-BF4B-00C04F79EFBC}") = "CalendarSyncPlus.BootstrapperUI", "CalendarSyncPlus.BootstrapperUI\CalendarSyncPlus.BootstrapperUI.csproj", "{495A3351-7314-47C1-BE0D-514E524845D5}"
EndProject
Global
	GlobalSection(SolutionConfigurationPlatforms) = preSolution
		Debug|Any CPU = Debug|Any CPU
		Debug|Mixed Platforms = Debug|Mixed Platforms
		Debug|x86 = Debug|x86
		Release|Any CPU = Release|Any CPU
		Release|Mixed Platforms = Release|Mixed Platforms
		Release|x86 = Release|x86
	EndGlobalSection
	GlobalSection(ProjectConfigurationPlatforms) = postSolution
		{5FF53B1A-81F5-4FF6-8444-4561DD7F6AF4}.Debug|Any CPU.ActiveCfg = Debug|Any CPU
		{5FF53B1A-81F5-4FF6-8444-4561DD7F6AF4}.Debug|Any CPU.Build.0 = Debug|Any CPU
		{5FF53B1A-81F5-4FF6-8444-4561DD7F6AF4}.Debug|Mixed Platforms.ActiveCfg = Debug|Any CPU
		{5FF53B1A-81F5-4FF6-8444-4561DD7F6AF4}.Debug|Mixed Platforms.Build.0 = Debug|Any CPU
		{5FF53B1A-81F5-4FF6-8444-4561DD7F6AF4}.Debug|x86.ActiveCfg = Debug|Any CPU
		{5FF53B1A-81F5-4FF6-8444-4561DD7F6AF4}.Debug|x86.Build.0 = Debug|Any CPU
		{5FF53B1A-81F5-4FF6-8444-4561DD7F6AF4}.Release|Any CPU.ActiveCfg = Release|Any CPU
		{5FF53B1A-81F5-4FF6-8444-4561DD7F6AF4}.Release|Any CPU.Build.0 = Release|Any CPU
		{5FF53B1A-81F5-4FF6-8444-4561DD7F6AF4}.Release|Mixed Platforms.ActiveCfg = Release|Any CPU
		{5FF53B1A-81F5-4FF6-8444-4561DD7F6AF4}.Release|Mixed Platforms.Build.0 = Release|Any CPU
		{5FF53B1A-81F5-4FF6-8444-4561DD7F6AF4}.Release|x86.ActiveCfg = Release|Any CPU
		{5FF53B1A-81F5-4FF6-8444-4561DD7F6AF4}.Release|x86.Build.0 = Release|Any CPU
		{0348DC28-4B15-4E21-BB4E-9A8BD11F4EC3}.Debug|Any CPU.ActiveCfg = Debug|Any CPU
		{0348DC28-4B15-4E21-BB4E-9A8BD11F4EC3}.Debug|Any CPU.Build.0 = Debug|Any CPU
		{0348DC28-4B15-4E21-BB4E-9A8BD11F4EC3}.Debug|Mixed Platforms.ActiveCfg = Debug|Any CPU
		{0348DC28-4B15-4E21-BB4E-9A8BD11F4EC3}.Debug|Mixed Platforms.Build.0 = Debug|Any CPU
		{0348DC28-4B15-4E21-BB4E-9A8BD11F4EC3}.Debug|x86.ActiveCfg = Debug|Any CPU
		{0348DC28-4B15-4E21-BB4E-9A8BD11F4EC3}.Debug|x86.Build.0 = Debug|Any CPU
		{0348DC28-4B15-4E21-BB4E-9A8BD11F4EC3}.Release|Any CPU.ActiveCfg = Release|Any CPU
		{0348DC28-4B15-4E21-BB4E-9A8BD11F4EC3}.Release|Any CPU.Build.0 = Release|Any CPU
		{0348DC28-4B15-4E21-BB4E-9A8BD11F4EC3}.Release|Mixed Platforms.ActiveCfg = Release|Any CPU
		{0348DC28-4B15-4E21-BB4E-9A8BD11F4EC3}.Release|Mixed Platforms.Build.0 = Release|Any CPU
		{0348DC28-4B15-4E21-BB4E-9A8BD11F4EC3}.Release|x86.ActiveCfg = Release|Any CPU
		{0348DC28-4B15-4E21-BB4E-9A8BD11F4EC3}.Release|x86.Build.0 = Release|Any CPU
		{E95AFCF5-28F3-4CED-8901-4BCD0DB5FA56}.Debug|Any CPU.ActiveCfg = Debug|Any CPU
		{E95AFCF5-28F3-4CED-8901-4BCD0DB5FA56}.Debug|Any CPU.Build.0 = Debug|Any CPU
		{E95AFCF5-28F3-4CED-8901-4BCD0DB5FA56}.Debug|Mixed Platforms.ActiveCfg = Debug|Any CPU
		{E95AFCF5-28F3-4CED-8901-4BCD0DB5FA56}.Debug|Mixed Platforms.Build.0 = Debug|Any CPU
		{E95AFCF5-28F3-4CED-8901-4BCD0DB5FA56}.Debug|x86.ActiveCfg = Debug|Any CPU
		{E95AFCF5-28F3-4CED-8901-4BCD0DB5FA56}.Debug|x86.Build.0 = Debug|Any CPU
		{E95AFCF5-28F3-4CED-8901-4BCD0DB5FA56}.Release|Any CPU.ActiveCfg = Release|Any CPU
		{E95AFCF5-28F3-4CED-8901-4BCD0DB5FA56}.Release|Any CPU.Build.0 = Release|Any CPU
		{E95AFCF5-28F3-4CED-8901-4BCD0DB5FA56}.Release|Mixed Platforms.ActiveCfg = Release|Any CPU
		{E95AFCF5-28F3-4CED-8901-4BCD0DB5FA56}.Release|Mixed Platforms.Build.0 = Release|Any CPU
		{E95AFCF5-28F3-4CED-8901-4BCD0DB5FA56}.Release|x86.ActiveCfg = Release|Any CPU
		{E95AFCF5-28F3-4CED-8901-4BCD0DB5FA56}.Release|x86.Build.0 = Release|Any CPU
		{60C60A47-1227-4659-8B9E-BFC6B7FCAD0D}.Debug|Any CPU.ActiveCfg = Debug|Any CPU
		{60C60A47-1227-4659-8B9E-BFC6B7FCAD0D}.Debug|Any CPU.Build.0 = Debug|Any CPU
		{60C60A47-1227-4659-8B9E-BFC6B7FCAD0D}.Debug|Mixed Platforms.ActiveCfg = Debug|Any CPU
		{60C60A47-1227-4659-8B9E-BFC6B7FCAD0D}.Debug|Mixed Platforms.Build.0 = Debug|Any CPU
		{60C60A47-1227-4659-8B9E-BFC6B7FCAD0D}.Debug|x86.ActiveCfg = Debug|Any CPU
		{60C60A47-1227-4659-8B9E-BFC6B7FCAD0D}.Debug|x86.Build.0 = Debug|Any CPU
		{60C60A47-1227-4659-8B9E-BFC6B7FCAD0D}.Release|Any CPU.ActiveCfg = Release|Any CPU
		{60C60A47-1227-4659-8B9E-BFC6B7FCAD0D}.Release|Any CPU.Build.0 = Release|Any CPU
		{60C60A47-1227-4659-8B9E-BFC6B7FCAD0D}.Release|Mixed Platforms.ActiveCfg = Release|Any CPU
		{60C60A47-1227-4659-8B9E-BFC6B7FCAD0D}.Release|Mixed Platforms.Build.0 = Release|Any CPU
		{60C60A47-1227-4659-8B9E-BFC6B7FCAD0D}.Release|x86.ActiveCfg = Release|Any CPU
		{60C60A47-1227-4659-8B9E-BFC6B7FCAD0D}.Release|x86.Build.0 = Release|Any CPU
		{58F42963-FC3F-4BF8-88A8-DA70F5AE7E58}.Debug|Any CPU.ActiveCfg = Debug|Any CPU
		{58F42963-FC3F-4BF8-88A8-DA70F5AE7E58}.Debug|Any CPU.Build.0 = Debug|Any CPU
		{58F42963-FC3F-4BF8-88A8-DA70F5AE7E58}.Debug|Mixed Platforms.ActiveCfg = Debug|Any CPU
		{58F42963-FC3F-4BF8-88A8-DA70F5AE7E58}.Debug|Mixed Platforms.Build.0 = Debug|Any CPU
		{58F42963-FC3F-4BF8-88A8-DA70F5AE7E58}.Debug|x86.ActiveCfg = Debug|Any CPU
		{58F42963-FC3F-4BF8-88A8-DA70F5AE7E58}.Debug|x86.Build.0 = Debug|Any CPU
		{58F42963-FC3F-4BF8-88A8-DA70F5AE7E58}.Release|Any CPU.ActiveCfg = Release|Any CPU
		{58F42963-FC3F-4BF8-88A8-DA70F5AE7E58}.Release|Any CPU.Build.0 = Release|Any CPU
		{58F42963-FC3F-4BF8-88A8-DA70F5AE7E58}.Release|Mixed Platforms.ActiveCfg = Release|Any CPU
		{58F42963-FC3F-4BF8-88A8-DA70F5AE7E58}.Release|Mixed Platforms.Build.0 = Release|Any CPU
		{58F42963-FC3F-4BF8-88A8-DA70F5AE7E58}.Release|x86.ActiveCfg = Release|Any CPU
		{58F42963-FC3F-4BF8-88A8-DA70F5AE7E58}.Release|x86.Build.0 = Release|Any CPU
		{5AF06073-C8B2-4E8D-85E9-C22C44E36A8F}.Debug|Any CPU.ActiveCfg = Debug|Any CPU
		{5AF06073-C8B2-4E8D-85E9-C22C44E36A8F}.Debug|Any CPU.Build.0 = Debug|Any CPU
		{5AF06073-C8B2-4E8D-85E9-C22C44E36A8F}.Debug|Mixed Platforms.ActiveCfg = Debug|Any CPU
		{5AF06073-C8B2-4E8D-85E9-C22C44E36A8F}.Debug|Mixed Platforms.Build.0 = Debug|Any CPU
		{5AF06073-C8B2-4E8D-85E9-C22C44E36A8F}.Debug|x86.ActiveCfg = Debug|Any CPU
		{5AF06073-C8B2-4E8D-85E9-C22C44E36A8F}.Debug|x86.Build.0 = Debug|Any CPU
		{5AF06073-C8B2-4E8D-85E9-C22C44E36A8F}.Release|Any CPU.ActiveCfg = Release|Any CPU
		{5AF06073-C8B2-4E8D-85E9-C22C44E36A8F}.Release|Any CPU.Build.0 = Release|Any CPU
		{5AF06073-C8B2-4E8D-85E9-C22C44E36A8F}.Release|Mixed Platforms.ActiveCfg = Release|Any CPU
		{5AF06073-C8B2-4E8D-85E9-C22C44E36A8F}.Release|Mixed Platforms.Build.0 = Release|Any CPU
		{5AF06073-C8B2-4E8D-85E9-C22C44E36A8F}.Release|x86.ActiveCfg = Release|Any CPU
		{5AF06073-C8B2-4E8D-85E9-C22C44E36A8F}.Release|x86.Build.0 = Release|Any CPU
		{9AEF8039-A3E2-452D-A73A-4AF458FDA0F7}.Debug|Any CPU.ActiveCfg = Debug|Any CPU
		{9AEF8039-A3E2-452D-A73A-4AF458FDA0F7}.Debug|Any CPU.Build.0 = Debug|Any CPU
		{9AEF8039-A3E2-452D-A73A-4AF458FDA0F7}.Debug|Mixed Platforms.ActiveCfg = Debug|Any CPU
		{9AEF8039-A3E2-452D-A73A-4AF458FDA0F7}.Debug|Mixed Platforms.Build.0 = Debug|Any CPU
		{9AEF8039-A3E2-452D-A73A-4AF458FDA0F7}.Debug|x86.ActiveCfg = Debug|Any CPU
		{9AEF8039-A3E2-452D-A73A-4AF458FDA0F7}.Debug|x86.Build.0 = Debug|Any CPU
		{9AEF8039-A3E2-452D-A73A-4AF458FDA0F7}.Release|Any CPU.ActiveCfg = Release|Any CPU
		{9AEF8039-A3E2-452D-A73A-4AF458FDA0F7}.Release|Any CPU.Build.0 = Release|Any CPU
		{9AEF8039-A3E2-452D-A73A-4AF458FDA0F7}.Release|Mixed Platforms.ActiveCfg = Release|Any CPU
		{9AEF8039-A3E2-452D-A73A-4AF458FDA0F7}.Release|Mixed Platforms.Build.0 = Release|Any CPU
		{9AEF8039-A3E2-452D-A73A-4AF458FDA0F7}.Release|x86.ActiveCfg = Release|Any CPU
		{9AEF8039-A3E2-452D-A73A-4AF458FDA0F7}.Release|x86.Build.0 = Release|Any CPU
		{FD588EBB-EAC6-4B5F-9644-FA9FA22268F7}.Debug|Any CPU.ActiveCfg = Debug|Any CPU
		{FD588EBB-EAC6-4B5F-9644-FA9FA22268F7}.Debug|Any CPU.Build.0 = Debug|Any CPU
		{FD588EBB-EAC6-4B5F-9644-FA9FA22268F7}.Debug|Mixed Platforms.ActiveCfg = Debug|Any CPU
		{FD588EBB-EAC6-4B5F-9644-FA9FA22268F7}.Debug|Mixed Platforms.Build.0 = Debug|Any CPU
		{FD588EBB-EAC6-4B5F-9644-FA9FA22268F7}.Debug|x86.ActiveCfg = Debug|Any CPU
		{FD588EBB-EAC6-4B5F-9644-FA9FA22268F7}.Debug|x86.Build.0 = Debug|Any CPU
		{FD588EBB-EAC6-4B5F-9644-FA9FA22268F7}.Release|Any CPU.ActiveCfg = Release|Any CPU
		{FD588EBB-EAC6-4B5F-9644-FA9FA22268F7}.Release|Any CPU.Build.0 = Release|Any CPU
		{FD588EBB-EAC6-4B5F-9644-FA9FA22268F7}.Release|Mixed Platforms.ActiveCfg = Release|Any CPU
		{FD588EBB-EAC6-4B5F-9644-FA9FA22268F7}.Release|Mixed Platforms.Build.0 = Release|Any CPU
		{FD588EBB-EAC6-4B5F-9644-FA9FA22268F7}.Release|x86.ActiveCfg = Release|Any CPU
		{FD588EBB-EAC6-4B5F-9644-FA9FA22268F7}.Release|x86.Build.0 = Release|Any CPU
		{5DD77441-69EC-48E9-995C-9EED1217A67B}.Debug|Any CPU.ActiveCfg = Debug|x86
		{5DD77441-69EC-48E9-995C-9EED1217A67B}.Debug|Any CPU.Build.0 = Debug|x86
		{5DD77441-69EC-48E9-995C-9EED1217A67B}.Debug|Mixed Platforms.ActiveCfg = Debug|x86
		{5DD77441-69EC-48E9-995C-9EED1217A67B}.Debug|Mixed Platforms.Build.0 = Debug|x86
		{5DD77441-69EC-48E9-995C-9EED1217A67B}.Debug|x86.ActiveCfg = Debug|x86
		{5DD77441-69EC-48E9-995C-9EED1217A67B}.Debug|x86.Build.0 = Debug|x86
		{5DD77441-69EC-48E9-995C-9EED1217A67B}.Release|Any CPU.ActiveCfg = Release|x86
		{5DD77441-69EC-48E9-995C-9EED1217A67B}.Release|Any CPU.Build.0 = Release|x86
		{5DD77441-69EC-48E9-995C-9EED1217A67B}.Release|Mixed Platforms.ActiveCfg = Release|x86
		{5DD77441-69EC-48E9-995C-9EED1217A67B}.Release|Mixed Platforms.Build.0 = Release|x86
		{5DD77441-69EC-48E9-995C-9EED1217A67B}.Release|x86.ActiveCfg = Release|x86
		{5DD77441-69EC-48E9-995C-9EED1217A67B}.Release|x86.Build.0 = Release|x86
		{88D95940-3181-4026-9ECF-560D54201D86}.Debug|Any CPU.ActiveCfg = Debug|Any CPU
		{88D95940-3181-4026-9ECF-560D54201D86}.Debug|Any CPU.Build.0 = Debug|Any CPU
		{88D95940-3181-4026-9ECF-560D54201D86}.Debug|Mixed Platforms.ActiveCfg = Debug|Any CPU
		{88D95940-3181-4026-9ECF-560D54201D86}.Debug|Mixed Platforms.Build.0 = Debug|Any CPU
		{88D95940-3181-4026-9ECF-560D54201D86}.Debug|x86.ActiveCfg = Debug|Any CPU
		{88D95940-3181-4026-9ECF-560D54201D86}.Debug|x86.Build.0 = Debug|Any CPU
		{88D95940-3181-4026-9ECF-560D54201D86}.Release|Any CPU.ActiveCfg = Release|Any CPU
		{88D95940-3181-4026-9ECF-560D54201D86}.Release|Any CPU.Build.0 = Release|Any CPU
		{88D95940-3181-4026-9ECF-560D54201D86}.Release|Mixed Platforms.ActiveCfg = Release|Any CPU
		{88D95940-3181-4026-9ECF-560D54201D86}.Release|Mixed Platforms.Build.0 = Release|Any CPU
		{88D95940-3181-4026-9ECF-560D54201D86}.Release|x86.ActiveCfg = Release|Any CPU
		{88D95940-3181-4026-9ECF-560D54201D86}.Release|x86.Build.0 = Release|Any CPU
		{7A2ECE5C-2863-487C-AB7F-43A59BB3C774}.Debug|Any CPU.ActiveCfg = Debug|x86
		{7A2ECE5C-2863-487C-AB7F-43A59BB3C774}.Debug|Any CPU.Build.0 = Debug|x86
		{7A2ECE5C-2863-487C-AB7F-43A59BB3C774}.Debug|Mixed Platforms.ActiveCfg = Debug|x86
		{7A2ECE5C-2863-487C-AB7F-43A59BB3C774}.Debug|Mixed Platforms.Build.0 = Debug|x86
		{7A2ECE5C-2863-487C-AB7F-43A59BB3C774}.Debug|x86.ActiveCfg = Debug|x86
		{7A2ECE5C-2863-487C-AB7F-43A59BB3C774}.Debug|x86.Build.0 = Debug|x86
		{7A2ECE5C-2863-487C-AB7F-43A59BB3C774}.Release|Any CPU.ActiveCfg = Release|x86
		{7A2ECE5C-2863-487C-AB7F-43A59BB3C774}.Release|Any CPU.Build.0 = Release|x86
		{7A2ECE5C-2863-487C-AB7F-43A59BB3C774}.Release|Mixed Platforms.ActiveCfg = Release|x86
		{7A2ECE5C-2863-487C-AB7F-43A59BB3C774}.Release|Mixed Platforms.Build.0 = Release|x86
		{7A2ECE5C-2863-487C-AB7F-43A59BB3C774}.Release|x86.ActiveCfg = Release|x86
		{7A2ECE5C-2863-487C-AB7F-43A59BB3C774}.Release|x86.Build.0 = Release|x86
		{495A3351-7314-47C1-BE0D-514E524845D5}.Debug|Any CPU.ActiveCfg = Debug|Any CPU
		{495A3351-7314-47C1-BE0D-514E524845D5}.Debug|Any CPU.Build.0 = Debug|Any CPU
		{495A3351-7314-47C1-BE0D-514E524845D5}.Debug|Mixed Platforms.ActiveCfg = Debug|Any CPU
		{495A3351-7314-47C1-BE0D-514E524845D5}.Debug|Mixed Platforms.Build.0 = Debug|Any CPU
		{495A3351-7314-47C1-BE0D-514E524845D5}.Debug|x86.ActiveCfg = Debug|Any CPU
		{495A3351-7314-47C1-BE0D-514E524845D5}.Release|Any CPU.ActiveCfg = Release|Any CPU
		{495A3351-7314-47C1-BE0D-514E524845D5}.Release|Any CPU.Build.0 = Release|Any CPU
		{495A3351-7314-47C1-BE0D-514E524845D5}.Release|Mixed Platforms.ActiveCfg = Release|Any CPU
		{495A3351-7314-47C1-BE0D-514E524845D5}.Release|Mixed Platforms.Build.0 = Release|Any CPU
		{495A3351-7314-47C1-BE0D-514E524845D5}.Release|x86.ActiveCfg = Release|Any CPU
	EndGlobalSection
	GlobalSection(SolutionProperties) = preSolution
		HideSolutionNode = FALSE
	EndGlobalSection
EndGlobal
